PODS:
  - KeychainSwift (12.0.0)
  - Nimble (9.0.0)
  - Quick (3.0.0)

DEPENDENCIES:
  - KeychainSwift (~> 12.0)
  - Nimble
  - Quick

SPEC REPOS:
  trunk:
    - KeychainSwift
    - Nimble
    - Quick

SPEC CHECKSUMS:
  KeychainSwift: d5e776578587ee5958ce36601df22f168f65138a
  Nimble: 3b4ec3fd40f1dc178058e0981107721c615643d8
  Quick: 6d9559f40647bc4d510103842ef2fdd882d753e2

PODFILE CHECKSUM: 288d083381f915c8bae5701a6c6ce512bdae3d40

COCOAPODS: 1.8.3
