PODS:
  - Alamofire (4.8.0)
  - KeychainSwift (12.0.0)
  - Nimble (7.3.1)
  - Quick (1.3.2)

DEPENDENCIES:
  - Alamofire (~> 4.7)
  - KeychainSwift (~> 12.0)
  - Nimble
  - Quick

SPEC REPOS:
  https://github.com/cocoapods/specs.git:
    - Alamofire
    - KeychainSwift
    - Nimble
    - Quick

SPEC CHECKSUMS:
  Alamofire: 3ec537f71edc9804815215393ae2b1a8ea33a844
  KeychainSwift: d5e776578587ee5958ce36601df22f168f65138a
  Nimble: 04f732da099ea4d153122aec8c2a88fd0c7219ae
  Quick: 2623cb30d7a7f41ca62f684f679586558f483d46

PODFILE CHECKSUM: 288c6a57ab7752653de0a125f93345ec3edb7e5a

COCOAPODS: 1.6.1
