PODS:
  - KeychainSwift (12.0.0)
  - Nimble (8.0.2)
  - Quick (2.1.0)

DEPENDENCIES:
  - KeychainSwift (~> 12.0)
  - Nimble
  - Quick

SPEC REPOS:
  https://github.com/cocoapods/specs.git:
    - KeychainSwift
    - Nimble
    - Quick

SPEC CHECKSUMS:
  KeychainSwift: d5e776578587ee5958ce36601df22f168f65138a
  Nimble: 622629381bda1dd5678162f21f1368cec7cbba60
  Quick: 4be43f6634acfa727dd106bdf3929ce125ffa79d

PODFILE CHECKSUM: a6198462b31bb26758356e44ddf0aa62a1aac163

COCOAPODS: 1.6.1
