// !$*UTF8*$!
{
	archiveVersion = 1;
	classes = {
	};
	objectVersion = 50;
	objects = {

/* Begin PBXBuildFile section */
		1C30807322B934A2004A8AD6 /* PlayPortalClient.swift in Sources */ = {isa = PBXBuildFile; fileRef = 1C30807022B934A1004A8AD6 /* PlayPortalClient.swift */; };
		1C30807422B934A2004A8AD6 /* HTTPClient.swift in Sources */ = {isa = PBXBuildFile; fileRef = 1C30807122B934A1004A8AD6 /* HTTPClient.swift */; };
		1C30807522B934A2004A8AD6 /* RefreshClient.swift in Sources */ = {isa = PBXBuildFile; fileRef = 1C30807222B934A1004A8AD6 /* RefreshClient.swift */; };
		1C32F787218A000B00B9F773 /* PlayPortalUtils.swift in Sources */ = {isa = PBXBuildFile; fileRef = 1C32F784218A000A00B9F773 /* PlayPortalUtils.swift */; };
		1C3A99F621979A7A0041DB2E /* Extensions.swift in Sources */ = {isa = PBXBuildFile; fileRef = 1C3A99F221979A790041DB2E /* Extensions.swift */; };
		1C3A99FB21979A8E0041DB2E /* ResponseHandlerTests.swift in Sources */ = {isa = PBXBuildFile; fileRef = 1C3A99FA21979A8E0041DB2E /* ResponseHandlerTests.swift */; };
		1C477F8E217F977600B42160 /* PlayPortalError.swift in Sources */ = {isa = PBXBuildFile; fileRef = 1C477F87217F977500B42160 /* PlayPortalError.swift */; };
		1C477F8F217F977600B42160 /* PlayPortalData.swift in Sources */ = {isa = PBXBuildFile; fileRef = 1C477F88217F977500B42160 /* PlayPortalData.swift */; };
		1C477F90217F977600B42160 /* PlayPortalAuth.swift in Sources */ = {isa = PBXBuildFile; fileRef = 1C477F89217F977500B42160 /* PlayPortalAuth.swift */; };
		1C477F91217F977600B42160 /* PlayPortalUser.swift in Sources */ = {isa = PBXBuildFile; fileRef = 1C477F8A217F977600B42160 /* PlayPortalUser.swift */; };
		1C477F93217F977600B42160 /* PlayPortalLeaderboard.swift in Sources */ = {isa = PBXBuildFile; fileRef = 1C477F8C217F977600B42160 /* PlayPortalLeaderboard.swift */; };
		1C477F94217F977600B42160 /* PlayPortalLoginButton.swift in Sources */ = {isa = PBXBuildFile; fileRef = 1C477F8D217F977600B42160 /* PlayPortalLoginButton.swift */; };
		1C6732242265223E00438F90 /* SSOButtonFlatTransparent.png in Resources */ = {isa = PBXBuildFile; fileRef = 1C67321F2265223E00438F90 /* SSOButtonFlatTransparent.png */; };
		1C6732252265223E00438F90 /* SSOButtonFlat.png in Resources */ = {isa = PBXBuildFile; fileRef = 1C6732202265223E00438F90 /* SSOButtonFlat.png */; };
		1C6732262265223E00438F90 /* SSOButtonDefault.png in Resources */ = {isa = PBXBuildFile; fileRef = 1C6732212265223E00438F90 /* SSOButtonDefault.png */; };
		1C6732272265223E00438F90 /* SSOButtonGradient.png in Resources */ = {isa = PBXBuildFile; fileRef = 1C6732222265223E00438F90 /* SSOButtonGradient.png */; };
		1C6732282265223E00438F90 /* SSOButtonFlatColor.png in Resources */ = {isa = PBXBuildFile; fileRef = 1C6732232265223E00438F90 /* SSOButtonFlatColor.png */; };
		1C6B6C852198B1C800380305 /* PPSDK_Swift.framework in Frameworks */ = {isa = PBXBuildFile; fileRef = 1CD1E3CA217F441900C2B083 /* PPSDK_Swift.framework */; };
		1C70554D218892CA007EB006 /* PlayPortalLeaderboardEntry.swift in Sources */ = {isa = PBXBuildFile; fileRef = 1C70554B218892CA007EB006 /* PlayPortalLeaderboardEntry.swift */; };
		1C7D6A482388128D0051DC1F /* PlayPortalClass.swift in Sources */ = {isa = PBXBuildFile; fileRef = 1C7D6A382388128C0051DC1F /* PlayPortalClass.swift */; };
		1C7D6A492388128D0051DC1F /* PlayPortalImageClient.swift in Sources */ = {isa = PBXBuildFile; fileRef = 1C7D6A392388128C0051DC1F /* PlayPortalImageClient.swift */; };
		1C7D6A4A2388128D0051DC1F /* PlayPortalCourseClient.swift in Sources */ = {isa = PBXBuildFile; fileRef = 1C7D6A3A2388128C0051DC1F /* PlayPortalCourseClient.swift */; };
		1C7D6A4B2388128D0051DC1F /* PlayPortalClassClient.swift in Sources */ = {isa = PBXBuildFile; fileRef = 1C7D6A3B2388128C0051DC1F /* PlayPortalClassClient.swift */; };
		1C7D6A4C2388128D0051DC1F /* PlayPortalXAPIClient.swift in Sources */ = {isa = PBXBuildFile; fileRef = 1C7D6A3C2388128C0051DC1F /* PlayPortalXAPIClient.swift */; };
		1C7D6A4D2388128D0051DC1F /* PlayPortalLesson.swift in Sources */ = {isa = PBXBuildFile; fileRef = 1C7D6A3D2388128C0051DC1F /* PlayPortalLesson.swift */; };
		1C7D6A4E2388128D0051DC1F /* PlayPortalLessonClient.swift in Sources */ = {isa = PBXBuildFile; fileRef = 1C7D6A3E2388128D0051DC1F /* PlayPortalLessonClient.swift */; };
		1C7D6A4F2388128D0051DC1F /* PlayPortalStudentComment.swift in Sources */ = {isa = PBXBuildFile; fileRef = 1C7D6A3F2388128D0051DC1F /* PlayPortalStudentComment.swift */; };
		1C7D6A502388128D0051DC1F /* PlayPortalAuthClient.swift in Sources */ = {isa = PBXBuildFile; fileRef = 1C7D6A402388128D0051DC1F /* PlayPortalAuthClient.swift */; };
		1C7D6A512388128D0051DC1F /* PlayPortalLeaderboardClient.swift in Sources */ = {isa = PBXBuildFile; fileRef = 1C7D6A412388128D0051DC1F /* PlayPortalLeaderboardClient.swift */; };
		1C7D6A522388128D0051DC1F /* PlayPortalDataClient.swift in Sources */ = {isa = PBXBuildFile; fileRef = 1C7D6A422388128D0051DC1F /* PlayPortalDataClient.swift */; };
		1C7D6A532388128D0051DC1F /* PlayPortalHTTPClient.swift in Sources */ = {isa = PBXBuildFile; fileRef = 1C7D6A432388128D0051DC1F /* PlayPortalHTTPClient.swift */; };
		1C7D6A542388128D0051DC1F /* PlayPortalUserClient.swift in Sources */ = {isa = PBXBuildFile; fileRef = 1C7D6A442388128D0051DC1F /* PlayPortalUserClient.swift */; };
		1C7D6A552388128D0051DC1F /* PlayPortalCourse.swift in Sources */ = {isa = PBXBuildFile; fileRef = 1C7D6A452388128D0051DC1F /* PlayPortalCourse.swift */; };
		1C7D6A562388128D0051DC1F /* PlayPortalNotificationClient.swift in Sources */ = {isa = PBXBuildFile; fileRef = 1C7D6A462388128D0051DC1F /* PlayPortalNotificationClient.swift */; };
		1C7D6A572388128D0051DC1F /* PlayPortalStudentClient.swift in Sources */ = {isa = PBXBuildFile; fileRef = 1C7D6A472388128D0051DC1F /* PlayPortalStudentClient.swift */; };
		1C8468B821CAAB3C00A540C8 /* StorageHandler.swift in Sources */ = {isa = PBXBuildFile; fileRef = 1C8468B721CAAB3C00A540C8 /* StorageHandler.swift */; };
		1C8468BC21CAAB7800A540C8 /* Events.swift in Sources */ = {isa = PBXBuildFile; fileRef = 1C8468BA21CAAB7800A540C8 /* Events.swift */; };
		1C89E5542184BD2B00CA3528 /* PlayPortalProfile.swift in Sources */ = {isa = PBXBuildFile; fileRef = 1C89E54A2184BD2A00CA3528 /* PlayPortalProfile.swift */; };
		1C89E5582184BD2B00CA3528 /* PlayPortalImage.swift in Sources */ = {isa = PBXBuildFile; fileRef = 1C89E54E2184BD2A00CA3528 /* PlayPortalImage.swift */; };
		1C89E55C2184BD2B00CA3528 /* Utils.swift in Sources */ = {isa = PBXBuildFile; fileRef = 1C89E5522184BD2B00CA3528 /* Utils.swift */; };
		1C89E5622184BD3200CA3528 /* AnonUser.png in Resources */ = {isa = PBXBuildFile; fileRef = 1C89E55E2184BD3200CA3528 /* AnonUser.png */; };
		1C89E5632184BD3200CA3528 /* AnonUserCover.png in Resources */ = {isa = PBXBuildFile; fileRef = 1C89E55F2184BD3200CA3528 /* AnonUserCover.png */; };
		1C89E5642184BD3200CA3528 /* QuestionMark.jpg in Resources */ = {isa = PBXBuildFile; fileRef = 1C89E5602184BD3200CA3528 /* QuestionMark.jpg */; };
		1CD1E3D9217F441900C2B083 /* PPSDK_SwiftTests.swift in Sources */ = {isa = PBXBuildFile; fileRef = 1CD1E3D8217F441900C2B083 /* PPSDK_SwiftTests.swift */; };
		1CD1E3DB217F441900C2B083 /* PPSDK_Swift.h in Headers */ = {isa = PBXBuildFile; fileRef = 1CD1E3CD217F441900C2B083 /* PPSDK_Swift.h */; settings = {ATTRIBUTES = (Public, ); }; };
		1CE0F8C8220DF81C00FCB87C /* PlayPortalNotification.swift in Sources */ = {isa = PBXBuildFile; fileRef = 1CE0F8C6220DF81C00FCB87C /* PlayPortalNotification.swift */; };
		1CE0F8C9220DF81C00FCB87C /* PlayPortalNotifications.swift in Sources */ = {isa = PBXBuildFile; fileRef = 1CE0F8C7220DF81C00FCB87C /* PlayPortalNotifications.swift */; };
		43C71B0EA19E0C5CA37F1779 /* Pods_PPSDK_Swift_PPSDK_SwiftTests.framework in Frameworks */ = {isa = PBXBuildFile; fileRef = 1C3A99FE2197A22E0041DB2E /* Pods_PPSDK_Swift_PPSDK_SwiftTests.framework */; };
		5BFBC701ED68D0C51E0DB054 /* Pods_PPSDK_Swift.framework in Frameworks */ = {isa = PBXBuildFile; fileRef = E93DED3B5A44F93D6DE8322E /* Pods_PPSDK_Swift.framework */; };
		82BA06FE8EC89E1BC657D88E /* Pods_PPSDK_Swift.framework in Frameworks */ = {isa = PBXBuildFile; fileRef = 1C3A9A002197A22E0041DB2E /* Pods_PPSDK_Swift.framework */; };
/* End PBXBuildFile section */

/* Begin PBXContainerItemProxy section */
		1CD1E3D5217F441900C2B083 /* PBXContainerItemProxy */ = {
			isa = PBXContainerItemProxy;
			containerPortal = 1CD1E3C1217F441900C2B083 /* Project object */;
			proxyType = 1;
			remoteGlobalIDString = 1CD1E3C9217F441900C2B083;
			remoteInfo = "PPSDK-Swift";
		};
/* End PBXContainerItemProxy section */

/* Begin PBXFileReference section */
		1C30807022B934A1004A8AD6 /* PlayPortalClient.swift */ = {isa = PBXFileReference; fileEncoding = 4; lastKnownFileType = sourcecode.swift; path = PlayPortalClient.swift; sourceTree = "<group>"; };
		1C30807122B934A1004A8AD6 /* HTTPClient.swift */ = {isa = PBXFileReference; fileEncoding = 4; lastKnownFileType = sourcecode.swift; path = HTTPClient.swift; sourceTree = "<group>"; };
		1C30807222B934A1004A8AD6 /* RefreshClient.swift */ = {isa = PBXFileReference; fileEncoding = 4; lastKnownFileType = sourcecode.swift; path = RefreshClient.swift; sourceTree = "<group>"; };
		1C32F784218A000A00B9F773 /* PlayPortalUtils.swift */ = {isa = PBXFileReference; fileEncoding = 4; lastKnownFileType = sourcecode.swift; path = PlayPortalUtils.swift; sourceTree = "<group>"; };
		1C3A99F221979A790041DB2E /* Extensions.swift */ = {isa = PBXFileReference; fileEncoding = 4; lastKnownFileType = sourcecode.swift; path = Extensions.swift; sourceTree = "<group>"; };
		1C3A99FA21979A8E0041DB2E /* ResponseHandlerTests.swift */ = {isa = PBXFileReference; lastKnownFileType = sourcecode.swift; path = ResponseHandlerTests.swift; sourceTree = "<group>"; };
		1C3A99FC2197A21F0041DB2E /* Pods_PPSDK_Swift.framework */ = {isa = PBXFileReference; explicitFileType = wrapper.framework; path = Pods_PPSDK_Swift.framework; sourceTree = BUILT_PRODUCTS_DIR; };
		1C3A99FE2197A22E0041DB2E /* Pods_PPSDK_Swift_PPSDK_SwiftTests.framework */ = {isa = PBXFileReference; explicitFileType = wrapper.framework; path = Pods_PPSDK_Swift_PPSDK_SwiftTests.framework; sourceTree = BUILT_PRODUCTS_DIR; };
		1C3A9A002197A22E0041DB2E /* Pods_PPSDK_Swift.framework */ = {isa = PBXFileReference; explicitFileType = wrapper.framework; path = Pods_PPSDK_Swift.framework; sourceTree = BUILT_PRODUCTS_DIR; };
		1C477F87217F977500B42160 /* PlayPortalError.swift */ = {isa = PBXFileReference; fileEncoding = 4; lastKnownFileType = sourcecode.swift; path = PlayPortalError.swift; sourceTree = "<group>"; };
		1C477F88217F977500B42160 /* PlayPortalData.swift */ = {isa = PBXFileReference; fileEncoding = 4; lastKnownFileType = sourcecode.swift; path = PlayPortalData.swift; sourceTree = "<group>"; };
		1C477F89217F977500B42160 /* PlayPortalAuth.swift */ = {isa = PBXFileReference; fileEncoding = 4; lastKnownFileType = sourcecode.swift; path = PlayPortalAuth.swift; sourceTree = "<group>"; };
		1C477F8A217F977600B42160 /* PlayPortalUser.swift */ = {isa = PBXFileReference; fileEncoding = 4; lastKnownFileType = sourcecode.swift; path = PlayPortalUser.swift; sourceTree = "<group>"; };
		1C477F8C217F977600B42160 /* PlayPortalLeaderboard.swift */ = {isa = PBXFileReference; fileEncoding = 4; lastKnownFileType = sourcecode.swift; path = PlayPortalLeaderboard.swift; sourceTree = "<group>"; };
		1C477F8D217F977600B42160 /* PlayPortalLoginButton.swift */ = {isa = PBXFileReference; fileEncoding = 4; lastKnownFileType = sourcecode.swift; path = PlayPortalLoginButton.swift; sourceTree = "<group>"; };
		1C67321F2265223E00438F90 /* SSOButtonFlatTransparent.png */ = {isa = PBXFileReference; lastKnownFileType = image.png; path = SSOButtonFlatTransparent.png; sourceTree = "<group>"; };
		1C6732202265223E00438F90 /* SSOButtonFlat.png */ = {isa = PBXFileReference; lastKnownFileType = image.png; path = SSOButtonFlat.png; sourceTree = "<group>"; };
		1C6732212265223E00438F90 /* SSOButtonDefault.png */ = {isa = PBXFileReference; lastKnownFileType = image.png; path = SSOButtonDefault.png; sourceTree = "<group>"; };
		1C6732222265223E00438F90 /* SSOButtonGradient.png */ = {isa = PBXFileReference; lastKnownFileType = image.png; path = SSOButtonGradient.png; sourceTree = "<group>"; };
		1C6732232265223E00438F90 /* SSOButtonFlatColor.png */ = {isa = PBXFileReference; lastKnownFileType = image.png; path = SSOButtonFlatColor.png; sourceTree = "<group>"; };
		1C70554B218892CA007EB006 /* PlayPortalLeaderboardEntry.swift */ = {isa = PBXFileReference; fileEncoding = 4; lastKnownFileType = sourcecode.swift; path = PlayPortalLeaderboardEntry.swift; sourceTree = "<group>"; };
		1C7D6A382388128C0051DC1F /* PlayPortalClass.swift */ = {isa = PBXFileReference; fileEncoding = 4; lastKnownFileType = sourcecode.swift; path = PlayPortalClass.swift; sourceTree = "<group>"; };
		1C7D6A392388128C0051DC1F /* PlayPortalImageClient.swift */ = {isa = PBXFileReference; fileEncoding = 4; lastKnownFileType = sourcecode.swift; path = PlayPortalImageClient.swift; sourceTree = "<group>"; };
		1C7D6A3A2388128C0051DC1F /* PlayPortalCourseClient.swift */ = {isa = PBXFileReference; fileEncoding = 4; lastKnownFileType = sourcecode.swift; path = PlayPortalCourseClient.swift; sourceTree = "<group>"; };
		1C7D6A3B2388128C0051DC1F /* PlayPortalClassClient.swift */ = {isa = PBXFileReference; fileEncoding = 4; lastKnownFileType = sourcecode.swift; path = PlayPortalClassClient.swift; sourceTree = "<group>"; };
		1C7D6A3C2388128C0051DC1F /* PlayPortalXAPIClient.swift */ = {isa = PBXFileReference; fileEncoding = 4; lastKnownFileType = sourcecode.swift; path = PlayPortalXAPIClient.swift; sourceTree = "<group>"; };
		1C7D6A3D2388128C0051DC1F /* PlayPortalLesson.swift */ = {isa = PBXFileReference; fileEncoding = 4; lastKnownFileType = sourcecode.swift; path = PlayPortalLesson.swift; sourceTree = "<group>"; };
		1C7D6A3E2388128D0051DC1F /* PlayPortalLessonClient.swift */ = {isa = PBXFileReference; fileEncoding = 4; lastKnownFileType = sourcecode.swift; path = PlayPortalLessonClient.swift; sourceTree = "<group>"; };
		1C7D6A3F2388128D0051DC1F /* PlayPortalStudentComment.swift */ = {isa = PBXFileReference; fileEncoding = 4; lastKnownFileType = sourcecode.swift; path = PlayPortalStudentComment.swift; sourceTree = "<group>"; };
		1C7D6A402388128D0051DC1F /* PlayPortalAuthClient.swift */ = {isa = PBXFileReference; fileEncoding = 4; lastKnownFileType = sourcecode.swift; path = PlayPortalAuthClient.swift; sourceTree = "<group>"; };
		1C7D6A412388128D0051DC1F /* PlayPortalLeaderboardClient.swift */ = {isa = PBXFileReference; fileEncoding = 4; lastKnownFileType = sourcecode.swift; path = PlayPortalLeaderboardClient.swift; sourceTree = "<group>"; };
		1C7D6A422388128D0051DC1F /* PlayPortalDataClient.swift */ = {isa = PBXFileReference; fileEncoding = 4; lastKnownFileType = sourcecode.swift; path = PlayPortalDataClient.swift; sourceTree = "<group>"; };
		1C7D6A432388128D0051DC1F /* PlayPortalHTTPClient.swift */ = {isa = PBXFileReference; fileEncoding = 4; lastKnownFileType = sourcecode.swift; path = PlayPortalHTTPClient.swift; sourceTree = "<group>"; };
		1C7D6A442388128D0051DC1F /* PlayPortalUserClient.swift */ = {isa = PBXFileReference; fileEncoding = 4; lastKnownFileType = sourcecode.swift; path = PlayPortalUserClient.swift; sourceTree = "<group>"; };
		1C7D6A452388128D0051DC1F /* PlayPortalCourse.swift */ = {isa = PBXFileReference; fileEncoding = 4; lastKnownFileType = sourcecode.swift; path = PlayPortalCourse.swift; sourceTree = "<group>"; };
		1C7D6A462388128D0051DC1F /* PlayPortalNotificationClient.swift */ = {isa = PBXFileReference; fileEncoding = 4; lastKnownFileType = sourcecode.swift; path = PlayPortalNotificationClient.swift; sourceTree = "<group>"; };
		1C7D6A472388128D0051DC1F /* PlayPortalStudentClient.swift */ = {isa = PBXFileReference; fileEncoding = 4; lastKnownFileType = sourcecode.swift; path = PlayPortalStudentClient.swift; sourceTree = "<group>"; };
		1C8468B721CAAB3C00A540C8 /* StorageHandler.swift */ = {isa = PBXFileReference; fileEncoding = 4; lastKnownFileType = sourcecode.swift; path = StorageHandler.swift; sourceTree = "<group>"; };
		1C8468BA21CAAB7800A540C8 /* Events.swift */ = {isa = PBXFileReference; fileEncoding = 4; lastKnownFileType = sourcecode.swift; path = Events.swift; sourceTree = "<group>"; };
		1C89E54A2184BD2A00CA3528 /* PlayPortalProfile.swift */ = {isa = PBXFileReference; fileEncoding = 4; lastKnownFileType = sourcecode.swift; path = PlayPortalProfile.swift; sourceTree = "<group>"; };
		1C89E54E2184BD2A00CA3528 /* PlayPortalImage.swift */ = {isa = PBXFileReference; fileEncoding = 4; lastKnownFileType = sourcecode.swift; path = PlayPortalImage.swift; sourceTree = "<group>"; };
		1C89E5522184BD2B00CA3528 /* Utils.swift */ = {isa = PBXFileReference; fileEncoding = 4; lastKnownFileType = sourcecode.swift; path = Utils.swift; sourceTree = "<group>"; };
		1C89E55E2184BD3200CA3528 /* AnonUser.png */ = {isa = PBXFileReference; lastKnownFileType = image.png; path = AnonUser.png; sourceTree = "<group>"; };
		1C89E55F2184BD3200CA3528 /* AnonUserCover.png */ = {isa = PBXFileReference; lastKnownFileType = image.png; path = AnonUserCover.png; sourceTree = "<group>"; };
		1C89E5602184BD3200CA3528 /* QuestionMark.jpg */ = {isa = PBXFileReference; lastKnownFileType = image.jpeg; path = QuestionMark.jpg; sourceTree = "<group>"; };
		1CD1E3CA217F441900C2B083 /* PPSDK_Swift.framework */ = {isa = PBXFileReference; explicitFileType = wrapper.framework; includeInIndex = 0; path = PPSDK_Swift.framework; sourceTree = BUILT_PRODUCTS_DIR; };
		1CD1E3CD217F441900C2B083 /* PPSDK_Swift.h */ = {isa = PBXFileReference; lastKnownFileType = sourcecode.c.h; path = PPSDK_Swift.h; sourceTree = "<group>"; };
		1CD1E3CE217F441900C2B083 /* Info.plist */ = {isa = PBXFileReference; lastKnownFileType = text.plist.xml; path = Info.plist; sourceTree = "<group>"; };
		1CD1E3D3217F441900C2B083 /* PPSDK-SwiftTests.xctest */ = {isa = PBXFileReference; explicitFileType = wrapper.cfbundle; includeInIndex = 0; path = "PPSDK-SwiftTests.xctest"; sourceTree = BUILT_PRODUCTS_DIR; };
		1CD1E3D8217F441900C2B083 /* PPSDK_SwiftTests.swift */ = {isa = PBXFileReference; lastKnownFileType = sourcecode.swift; path = PPSDK_SwiftTests.swift; sourceTree = "<group>"; };
		1CD1E3DA217F441900C2B083 /* Info.plist */ = {isa = PBXFileReference; lastKnownFileType = text.plist.xml; path = Info.plist; sourceTree = "<group>"; };
		1CE0F8C6220DF81C00FCB87C /* PlayPortalNotification.swift */ = {isa = PBXFileReference; fileEncoding = 4; lastKnownFileType = sourcecode.swift; path = PlayPortalNotification.swift; sourceTree = "<group>"; };
		1CE0F8C7220DF81C00FCB87C /* PlayPortalNotifications.swift */ = {isa = PBXFileReference; fileEncoding = 4; lastKnownFileType = sourcecode.swift; path = PlayPortalNotifications.swift; sourceTree = "<group>"; };
		2A271FB6259AEF8AF1CB8798 /* Pods-PPSDK-Swift-PPSDK-SwiftTests.release.xcconfig */ = {isa = PBXFileReference; includeInIndex = 1; lastKnownFileType = text.xcconfig; name = "Pods-PPSDK-Swift-PPSDK-SwiftTests.release.xcconfig"; path = "Target Support Files/Pods-PPSDK-Swift-PPSDK-SwiftTests/Pods-PPSDK-Swift-PPSDK-SwiftTests.release.xcconfig"; sourceTree = "<group>"; };
		49D0A53B87D85EE8CCCCAAE5 /* Pods-PPSDK-Swift.debug.xcconfig */ = {isa = PBXFileReference; includeInIndex = 1; lastKnownFileType = text.xcconfig; name = "Pods-PPSDK-Swift.debug.xcconfig"; path = "Target Support Files/Pods-PPSDK-Swift/Pods-PPSDK-Swift.debug.xcconfig"; sourceTree = "<group>"; };
		69479C60CBE99044F3C31BB7 /* Pods-PPSDK-SwiftTests.release.xcconfig */ = {isa = PBXFileReference; includeInIndex = 1; lastKnownFileType = text.xcconfig; name = "Pods-PPSDK-SwiftTests.release.xcconfig"; path = "Target Support Files/Pods-PPSDK-SwiftTests/Pods-PPSDK-SwiftTests.release.xcconfig"; sourceTree = "<group>"; };
		9E3C56CF9D74175435F4ACDD /* Pods-PPSDK-Swift.release.xcconfig */ = {isa = PBXFileReference; includeInIndex = 1; lastKnownFileType = text.xcconfig; name = "Pods-PPSDK-Swift.release.xcconfig"; path = "Target Support Files/Pods-PPSDK-Swift/Pods-PPSDK-Swift.release.xcconfig"; sourceTree = "<group>"; };
		B66826F818F79C3C264678B4 /* Pods-PPSDK-SwiftTests.debug.xcconfig */ = {isa = PBXFileReference; includeInIndex = 1; lastKnownFileType = text.xcconfig; name = "Pods-PPSDK-SwiftTests.debug.xcconfig"; path = "Target Support Files/Pods-PPSDK-SwiftTests/Pods-PPSDK-SwiftTests.debug.xcconfig"; sourceTree = "<group>"; };
		D2206F3CCA4E7140A1F56BD7 /* Pods_PPSDK_Swift_PPSDK_SwiftTests.framework */ = {isa = PBXFileReference; explicitFileType = wrapper.framework; includeInIndex = 0; path = Pods_PPSDK_Swift_PPSDK_SwiftTests.framework; sourceTree = BUILT_PRODUCTS_DIR; };
		E27FD91D66EBC9027E6241D8 /* Pods_PPSDK_SwiftTests.framework */ = {isa = PBXFileReference; explicitFileType = wrapper.framework; includeInIndex = 0; path = Pods_PPSDK_SwiftTests.framework; sourceTree = BUILT_PRODUCTS_DIR; };
		E93DED3B5A44F93D6DE8322E /* Pods_PPSDK_Swift.framework */ = {isa = PBXFileReference; explicitFileType = wrapper.framework; includeInIndex = 0; path = Pods_PPSDK_Swift.framework; sourceTree = BUILT_PRODUCTS_DIR; };
		FC4C2F9DA469F512F7FECE9A /* Pods-PPSDK-Swift-PPSDK-SwiftTests.debug.xcconfig */ = {isa = PBXFileReference; includeInIndex = 1; lastKnownFileType = text.xcconfig; name = "Pods-PPSDK-Swift-PPSDK-SwiftTests.debug.xcconfig"; path = "Target Support Files/Pods-PPSDK-Swift-PPSDK-SwiftTests/Pods-PPSDK-Swift-PPSDK-SwiftTests.debug.xcconfig"; sourceTree = "<group>"; };
/* End PBXFileReference section */

/* Begin PBXFrameworksBuildPhase section */
		1CD1E3C6217F441900C2B083 /* Frameworks */ = {
			isa = PBXFrameworksBuildPhase;
			buildActionMask = 2147483647;
			files = (
				5BFBC701ED68D0C51E0DB054 /* Pods_PPSDK_Swift.framework in Frameworks */,
				82BA06FE8EC89E1BC657D88E /* Pods_PPSDK_Swift.framework in Frameworks */,
			);
			runOnlyForDeploymentPostprocessing = 0;
		};
		1CD1E3D0217F441900C2B083 /* Frameworks */ = {
			isa = PBXFrameworksBuildPhase;
			buildActionMask = 2147483647;
			files = (
				1C6B6C852198B1C800380305 /* PPSDK_Swift.framework in Frameworks */,
				43C71B0EA19E0C5CA37F1779 /* Pods_PPSDK_Swift_PPSDK_SwiftTests.framework in Frameworks */,
			);
			runOnlyForDeploymentPostprocessing = 0;
		};
/* End PBXFrameworksBuildPhase section */

/* Begin PBXGroup section */
		1CC6076A2180B5D600B47385 /* Resources */ = {
			isa = PBXGroup;
			children = (
				1C6732212265223E00438F90 /* SSOButtonDefault.png */,
				1C6732202265223E00438F90 /* SSOButtonFlat.png */,
				1C6732232265223E00438F90 /* SSOButtonFlatColor.png */,
				1C67321F2265223E00438F90 /* SSOButtonFlatTransparent.png */,
				1C6732222265223E00438F90 /* SSOButtonGradient.png */,
				1C89E55E2184BD3200CA3528 /* AnonUser.png */,
				1C89E55F2184BD3200CA3528 /* AnonUserCover.png */,
				1C89E5602184BD3200CA3528 /* QuestionMark.jpg */,
			);
			path = Resources;
			sourceTree = "<group>";
		};
		1CD1E3C0217F441900C2B083 = {
			isa = PBXGroup;
			children = (
				1CC6076A2180B5D600B47385 /* Resources */,
				1CD1E3E6217F45D700C2B083 /* Source */,
				1CD1E3CC217F441900C2B083 /* PPSDK-Swift */,
				1CD1E3D7217F441900C2B083 /* PPSDK-SwiftTests */,
				1CD1E3CB217F441900C2B083 /* Products */,
				B1802BE956984108B6293873 /* Pods */,
				27E10C00A72106979C509533 /* Frameworks */,
			);
			sourceTree = "<group>";
		};
		1CD1E3CB217F441900C2B083 /* Products */ = {
			isa = PBXGroup;
			children = (
				1CD1E3CA217F441900C2B083 /* PPSDK_Swift.framework */,
				1CD1E3D3217F441900C2B083 /* PPSDK-SwiftTests.xctest */,
			);
			name = Products;
			sourceTree = "<group>";
		};
		1CD1E3CC217F441900C2B083 /* PPSDK-Swift */ = {
			isa = PBXGroup;
			children = (
				1CD1E3CE217F441900C2B083 /* Info.plist */,
			);
			path = "PPSDK-Swift";
			sourceTree = "<group>";
		};
		1CD1E3D7217F441900C2B083 /* PPSDK-SwiftTests */ = {
			isa = PBXGroup;
			children = (
				1CD1E3D8217F441900C2B083 /* PPSDK_SwiftTests.swift */,
				1CD1E3DA217F441900C2B083 /* Info.plist */,
				1C3A99FA21979A8E0041DB2E /* ResponseHandlerTests.swift */,
			);
			path = "PPSDK-SwiftTests";
			sourceTree = "<group>";
		};
		1CD1E3E6217F45D700C2B083 /* Source */ = {
			isa = PBXGroup;
			children = (
				1C7D6A402388128D0051DC1F /* PlayPortalAuthClient.swift */,
				1C7D6A382388128C0051DC1F /* PlayPortalClass.swift */,
				1C7D6A3B2388128C0051DC1F /* PlayPortalClassClient.swift */,
				1C7D6A452388128D0051DC1F /* PlayPortalCourse.swift */,
				1C7D6A3A2388128C0051DC1F /* PlayPortalCourseClient.swift */,
				1C7D6A422388128D0051DC1F /* PlayPortalDataClient.swift */,
				1C7D6A432388128D0051DC1F /* PlayPortalHTTPClient.swift */,
				1C7D6A392388128C0051DC1F /* PlayPortalImageClient.swift */,
				1C7D6A412388128D0051DC1F /* PlayPortalLeaderboardClient.swift */,
				1C7D6A3D2388128C0051DC1F /* PlayPortalLesson.swift */,
				1C7D6A3E2388128D0051DC1F /* PlayPortalLessonClient.swift */,
				1C7D6A462388128D0051DC1F /* PlayPortalNotificationClient.swift */,
				1C7D6A472388128D0051DC1F /* PlayPortalStudentClient.swift */,
				1C7D6A3F2388128D0051DC1F /* PlayPortalStudentComment.swift */,
				1C7D6A442388128D0051DC1F /* PlayPortalUserClient.swift */,
				1C7D6A3C2388128C0051DC1F /* PlayPortalXAPIClient.swift */,
				1C30807122B934A1004A8AD6 /* HTTPClient.swift */,
				1C30807022B934A1004A8AD6 /* PlayPortalClient.swift */,
				1C30807222B934A1004A8AD6 /* RefreshClient.swift */,
				1C8468BA21CAAB7800A540C8 /* Events.swift */,
				1C3A99F221979A790041DB2E /* Extensions.swift */,
				1C477F89217F977500B42160 /* PlayPortalAuth.swift */,
				1C477F88217F977500B42160 /* PlayPortalData.swift */,
				1C477F87217F977500B42160 /* PlayPortalError.swift */,
				1C89E54E2184BD2A00CA3528 /* PlayPortalImage.swift */,
				1C477F8C217F977600B42160 /* PlayPortalLeaderboard.swift */,
				1C70554B218892CA007EB006 /* PlayPortalLeaderboardEntry.swift */,
				1C477F8D217F977600B42160 /* PlayPortalLoginButton.swift */,
				1CE0F8C6220DF81C00FCB87C /* PlayPortalNotification.swift */,
				1CE0F8C7220DF81C00FCB87C /* PlayPortalNotifications.swift */,
				1C89E54A2184BD2A00CA3528 /* PlayPortalProfile.swift */,
				1C477F8A217F977600B42160 /* PlayPortalUser.swift */,
				1C32F784218A000A00B9F773 /* PlayPortalUtils.swift */,
				1CD1E3CD217F441900C2B083 /* PPSDK_Swift.h */,
				1C8468B721CAAB3C00A540C8 /* StorageHandler.swift */,
				1C89E5522184BD2B00CA3528 /* Utils.swift */,
			);
			path = Source;
			sourceTree = "<group>";
		};
		27E10C00A72106979C509533 /* Frameworks */ = {
			isa = PBXGroup;
			children = (
				1C3A99FE2197A22E0041DB2E /* Pods_PPSDK_Swift_PPSDK_SwiftTests.framework */,
				1C3A9A002197A22E0041DB2E /* Pods_PPSDK_Swift.framework */,
				1C3A99FC2197A21F0041DB2E /* Pods_PPSDK_Swift.framework */,
				E93DED3B5A44F93D6DE8322E /* Pods_PPSDK_Swift.framework */,
				E27FD91D66EBC9027E6241D8 /* Pods_PPSDK_SwiftTests.framework */,
				D2206F3CCA4E7140A1F56BD7 /* Pods_PPSDK_Swift_PPSDK_SwiftTests.framework */,
			);
			name = Frameworks;
			sourceTree = "<group>";
		};
		B1802BE956984108B6293873 /* Pods */ = {
			isa = PBXGroup;
			children = (
				49D0A53B87D85EE8CCCCAAE5 /* Pods-PPSDK-Swift.debug.xcconfig */,
				9E3C56CF9D74175435F4ACDD /* Pods-PPSDK-Swift.release.xcconfig */,
				B66826F818F79C3C264678B4 /* Pods-PPSDK-SwiftTests.debug.xcconfig */,
				69479C60CBE99044F3C31BB7 /* Pods-PPSDK-SwiftTests.release.xcconfig */,
				FC4C2F9DA469F512F7FECE9A /* Pods-PPSDK-Swift-PPSDK-SwiftTests.debug.xcconfig */,
				2A271FB6259AEF8AF1CB8798 /* Pods-PPSDK-Swift-PPSDK-SwiftTests.release.xcconfig */,
			);
			path = Pods;
			sourceTree = "<group>";
		};
/* End PBXGroup section */

/* Begin PBXHeadersBuildPhase section */
		1CD1E3C7217F441900C2B083 /* Headers */ = {
			isa = PBXHeadersBuildPhase;
			buildActionMask = 2147483647;
			files = (
				1CD1E3DB217F441900C2B083 /* PPSDK_Swift.h in Headers */,
			);
			runOnlyForDeploymentPostprocessing = 0;
		};
/* End PBXHeadersBuildPhase section */

/* Begin PBXNativeTarget section */
		1CD1E3C9217F441900C2B083 /* PPSDK-Swift */ = {
			isa = PBXNativeTarget;
			buildConfigurationList = 1CD1E3DE217F441900C2B083 /* Build configuration list for PBXNativeTarget "PPSDK-Swift" */;
			buildPhases = (
				36FCDCE6C905C7DF123E4D8D /* [CP] Check Pods Manifest.lock */,
				1CD1E3C5217F441900C2B083 /* Sources */,
				1CD1E3C6217F441900C2B083 /* Frameworks */,
				1CD1E3C7217F441900C2B083 /* Headers */,
				1CD1E3C8217F441900C2B083 /* Resources */,
			);
			buildRules = (
			);
			dependencies = (
			);
			name = "PPSDK-Swift";
			productName = "PPSDK-Swift";
			productReference = 1CD1E3CA217F441900C2B083 /* PPSDK_Swift.framework */;
			productType = "com.apple.product-type.framework";
		};
		1CD1E3D2217F441900C2B083 /* PPSDK-SwiftTests */ = {
			isa = PBXNativeTarget;
			buildConfigurationList = 1CD1E3E1217F441900C2B083 /* Build configuration list for PBXNativeTarget "PPSDK-SwiftTests" */;
			buildPhases = (
				8CD00BB30818870A67546524 /* [CP] Check Pods Manifest.lock */,
				1CD1E3CF217F441900C2B083 /* Sources */,
				1CD1E3D0217F441900C2B083 /* Frameworks */,
				1CD1E3D1217F441900C2B083 /* Resources */,
				C31AC1612C32CEEDBC847407 /* [CP] Embed Pods Frameworks */,
			);
			buildRules = (
			);
			dependencies = (
				1CD1E3D6217F441900C2B083 /* PBXTargetDependency */,
			);
			name = "PPSDK-SwiftTests";
			productName = "PPSDK-SwiftTests";
			productReference = 1CD1E3D3217F441900C2B083 /* PPSDK-SwiftTests.xctest */;
			productType = "com.apple.product-type.bundle.unit-test";
		};
/* End PBXNativeTarget section */

/* Begin PBXProject section */
		1CD1E3C1217F441900C2B083 /* Project object */ = {
			isa = PBXProject;
			attributes = {
				LastSwiftUpdateCheck = 0940;
				LastUpgradeCheck = 0940;
				ORGANIZATIONNAME = "Lincoln Fraley";
				TargetAttributes = {
					1CD1E3C9217F441900C2B083 = {
						CreatedOnToolsVersion = 9.4.1;
						LastSwiftMigration = 1000;
					};
					1CD1E3D2217F441900C2B083 = {
						CreatedOnToolsVersion = 9.4.1;
						LastSwiftMigration = 1000;
					};
				};
			};
			buildConfigurationList = 1CD1E3C4217F441900C2B083 /* Build configuration list for PBXProject "PPSDK-Swift" */;
			compatibilityVersion = "Xcode 9.3";
			developmentRegion = en;
			hasScannedForEncodings = 0;
			knownRegions = (
				en,
			);
			mainGroup = 1CD1E3C0217F441900C2B083;
			productRefGroup = 1CD1E3CB217F441900C2B083 /* Products */;
			projectDirPath = "";
			projectRoot = "";
			targets = (
				1CD1E3C9217F441900C2B083 /* PPSDK-Swift */,
				1CD1E3D2217F441900C2B083 /* PPSDK-SwiftTests */,
			);
		};
/* End PBXProject section */

/* Begin PBXResourcesBuildPhase section */
		1CD1E3C8217F441900C2B083 /* Resources */ = {
			isa = PBXResourcesBuildPhase;
			buildActionMask = 2147483647;
			files = (
				1C6732282265223E00438F90 /* SSOButtonFlatColor.png in Resources */,
				1C89E5632184BD3200CA3528 /* AnonUserCover.png in Resources */,
				1C6732272265223E00438F90 /* SSOButtonGradient.png in Resources */,
				1C6732262265223E00438F90 /* SSOButtonDefault.png in Resources */,
				1C6732242265223E00438F90 /* SSOButtonFlatTransparent.png in Resources */,
				1C89E5642184BD3200CA3528 /* QuestionMark.jpg in Resources */,
				1C6732252265223E00438F90 /* SSOButtonFlat.png in Resources */,
				1C89E5622184BD3200CA3528 /* AnonUser.png in Resources */,
			);
			runOnlyForDeploymentPostprocessing = 0;
		};
		1CD1E3D1217F441900C2B083 /* Resources */ = {
			isa = PBXResourcesBuildPhase;
			buildActionMask = 2147483647;
			files = (
			);
			runOnlyForDeploymentPostprocessing = 0;
		};
/* End PBXResourcesBuildPhase section */

/* Begin PBXShellScriptBuildPhase section */
		36FCDCE6C905C7DF123E4D8D /* [CP] Check Pods Manifest.lock */ = {
			isa = PBXShellScriptBuildPhase;
			buildActionMask = 2147483647;
			files = (
			);
			inputPaths = (
				"${PODS_PODFILE_DIR_PATH}/Podfile.lock",
				"${PODS_ROOT}/Manifest.lock",
			);
			name = "[CP] Check Pods Manifest.lock";
			outputPaths = (
				"$(DERIVED_FILE_DIR)/Pods-PPSDK-Swift-checkManifestLockResult.txt",
			);
			runOnlyForDeploymentPostprocessing = 0;
			shellPath = /bin/sh;
			shellScript = "diff \"${PODS_PODFILE_DIR_PATH}/Podfile.lock\" \"${PODS_ROOT}/Manifest.lock\" > /dev/null\nif [ $? != 0 ] ; then\n    # print error to STDERR\n    echo \"error: The sandbox is not in sync with the Podfile.lock. Run 'pod install' or update your CocoaPods installation.\" >&2\n    exit 1\nfi\n# This output is used by Xcode 'outputs' to avoid re-running this script phase.\necho \"SUCCESS\" > \"${SCRIPT_OUTPUT_FILE_0}\"\n";
			showEnvVarsInLog = 0;
		};
		8CD00BB30818870A67546524 /* [CP] Check Pods Manifest.lock */ = {
			isa = PBXShellScriptBuildPhase;
			buildActionMask = 2147483647;
			files = (
			);
			inputPaths = (
				"${PODS_PODFILE_DIR_PATH}/Podfile.lock",
				"${PODS_ROOT}/Manifest.lock",
			);
			name = "[CP] Check Pods Manifest.lock";
			outputPaths = (
				"$(DERIVED_FILE_DIR)/Pods-PPSDK-Swift-PPSDK-SwiftTests-checkManifestLockResult.txt",
			);
			runOnlyForDeploymentPostprocessing = 0;
			shellPath = /bin/sh;
			shellScript = "diff \"${PODS_PODFILE_DIR_PATH}/Podfile.lock\" \"${PODS_ROOT}/Manifest.lock\" > /dev/null\nif [ $? != 0 ] ; then\n    # print error to STDERR\n    echo \"error: The sandbox is not in sync with the Podfile.lock. Run 'pod install' or update your CocoaPods installation.\" >&2\n    exit 1\nfi\n# This output is used by Xcode 'outputs' to avoid re-running this script phase.\necho \"SUCCESS\" > \"${SCRIPT_OUTPUT_FILE_0}\"\n";
			showEnvVarsInLog = 0;
		};
		C31AC1612C32CEEDBC847407 /* [CP] Embed Pods Frameworks */ = {
			isa = PBXShellScriptBuildPhase;
			buildActionMask = 2147483647;
			files = (
			);
			inputFileListPaths = (
				"${PODS_ROOT}/Target Support Files/Pods-PPSDK-Swift-PPSDK-SwiftTests/Pods-PPSDK-Swift-PPSDK-SwiftTests-frameworks-${CONFIGURATION}-input-files.xcfilelist",
			);
			name = "[CP] Embed Pods Frameworks";
			outputFileListPaths = (
				"${PODS_ROOT}/Target Support Files/Pods-PPSDK-Swift-PPSDK-SwiftTests/Pods-PPSDK-Swift-PPSDK-SwiftTests-frameworks-${CONFIGURATION}-output-files.xcfilelist",
			);
			runOnlyForDeploymentPostprocessing = 0;
			shellPath = /bin/sh;
			shellScript = "\"${PODS_ROOT}/Target Support Files/Pods-PPSDK-Swift-PPSDK-SwiftTests/Pods-PPSDK-Swift-PPSDK-SwiftTests-frameworks.sh\"\n";
			showEnvVarsInLog = 0;
		};
/* End PBXShellScriptBuildPhase section */

/* Begin PBXSourcesBuildPhase section */
		1CD1E3C5217F441900C2B083 /* Sources */ = {
			isa = PBXSourcesBuildPhase;
			buildActionMask = 2147483647;
			files = (
				1C477F94217F977600B42160 /* PlayPortalLoginButton.swift in Sources */,
				1CE0F8C9220DF81C00FCB87C /* PlayPortalNotifications.swift in Sources */,
				1C3A99F621979A7A0041DB2E /* Extensions.swift in Sources */,
				1C7D6A4A2388128D0051DC1F /* PlayPortalCourseClient.swift in Sources */,
				1C7D6A492388128D0051DC1F /* PlayPortalImageClient.swift in Sources */,
				1C7D6A4B2388128D0051DC1F /* PlayPortalClassClient.swift in Sources */,
				1C477F8E217F977600B42160 /* PlayPortalError.swift in Sources */,
				1C477F91217F977600B42160 /* PlayPortalUser.swift in Sources */,
				1C30807322B934A2004A8AD6 /* PlayPortalClient.swift in Sources */,
				1C7D6A482388128D0051DC1F /* PlayPortalClass.swift in Sources */,
				1C7D6A552388128D0051DC1F /* PlayPortalCourse.swift in Sources */,
				1C7D6A4E2388128D0051DC1F /* PlayPortalLessonClient.swift in Sources */,
				1C7D6A532388128D0051DC1F /* PlayPortalHTTPClient.swift in Sources */,
				1C89E5542184BD2B00CA3528 /* PlayPortalProfile.swift in Sources */,
				1C7D6A522388128D0051DC1F /* PlayPortalDataClient.swift in Sources */,
				1C7D6A562388128D0051DC1F /* PlayPortalNotificationClient.swift in Sources */,
				1C8468BC21CAAB7800A540C8 /* Events.swift in Sources */,
				1C32F787218A000B00B9F773 /* PlayPortalUtils.swift in Sources */,
				1C70554D218892CA007EB006 /* PlayPortalLeaderboardEntry.swift in Sources */,
				1CE0F8C8220DF81C00FCB87C /* PlayPortalNotification.swift in Sources */,
				1C7D6A512388128D0051DC1F /* PlayPortalLeaderboardClient.swift in Sources */,
				1C7D6A572388128D0051DC1F /* PlayPortalStudentClient.swift in Sources */,
				1C7D6A4F2388128D0051DC1F /* PlayPortalStudentComment.swift in Sources */,
				1C89E55C2184BD2B00CA3528 /* Utils.swift in Sources */,
				1C477F90217F977600B42160 /* PlayPortalAuth.swift in Sources */,
				1C477F8F217F977600B42160 /* PlayPortalData.swift in Sources */,
				1C30807522B934A2004A8AD6 /* RefreshClient.swift in Sources */,
				1C30807422B934A2004A8AD6 /* HTTPClient.swift in Sources */,
				1C7D6A4D2388128D0051DC1F /* PlayPortalLesson.swift in Sources */,
				1C477F93217F977600B42160 /* PlayPortalLeaderboard.swift in Sources */,
				1C7D6A542388128D0051DC1F /* PlayPortalUserClient.swift in Sources */,
				1C89E5582184BD2B00CA3528 /* PlayPortalImage.swift in Sources */,
				1C7D6A4C2388128D0051DC1F /* PlayPortalXAPIClient.swift in Sources */,
				1C7D6A502388128D0051DC1F /* PlayPortalAuthClient.swift in Sources */,
				1C8468B821CAAB3C00A540C8 /* StorageHandler.swift in Sources */,
			);
			runOnlyForDeploymentPostprocessing = 0;
		};
		1CD1E3CF217F441900C2B083 /* Sources */ = {
			isa = PBXSourcesBuildPhase;
			buildActionMask = 2147483647;
			files = (
				1CD1E3D9217F441900C2B083 /* PPSDK_SwiftTests.swift in Sources */,
				1C3A99FB21979A8E0041DB2E /* ResponseHandlerTests.swift in Sources */,
			);
			runOnlyForDeploymentPostprocessing = 0;
		};
/* End PBXSourcesBuildPhase section */

/* Begin PBXTargetDependency section */
		1CD1E3D6217F441900C2B083 /* PBXTargetDependency */ = {
			isa = PBXTargetDependency;
			target = 1CD1E3C9217F441900C2B083 /* PPSDK-Swift */;
			targetProxy = 1CD1E3D5217F441900C2B083 /* PBXContainerItemProxy */;
		};
/* End PBXTargetDependency section */

/* Begin XCBuildConfiguration section */
		1CD1E3DC217F441900C2B083 /* Debug */ = {
			isa = XCBuildConfiguration;
			buildSettings = {
				ALWAYS_SEARCH_USER_PATHS = NO;
				CLANG_ANALYZER_NONNULL = YES;
				CLANG_ANALYZER_NUMBER_OBJECT_CONVERSION = YES_AGGRESSIVE;
				CLANG_CXX_LANGUAGE_STANDARD = "gnu++14";
				CLANG_CXX_LIBRARY = "libc++";
				CLANG_ENABLE_MODULES = YES;
				CLANG_ENABLE_OBJC_ARC = YES;
				CLANG_ENABLE_OBJC_WEAK = YES;
				CLANG_WARN_BLOCK_CAPTURE_AUTORELEASING = YES;
				CLANG_WARN_BOOL_CONVERSION = YES;
				CLANG_WARN_COMMA = YES;
				CLANG_WARN_CONSTANT_CONVERSION = YES;
				CLANG_WARN_DEPRECATED_OBJC_IMPLEMENTATIONS = YES;
				CLANG_WARN_DIRECT_OBJC_ISA_USAGE = YES_ERROR;
				CLANG_WARN_DOCUMENTATION_COMMENTS = YES;
				CLANG_WARN_EMPTY_BODY = YES;
				CLANG_WARN_ENUM_CONVERSION = YES;
				CLANG_WARN_INFINITE_RECURSION = YES;
				CLANG_WARN_INT_CONVERSION = YES;
				CLANG_WARN_NON_LITERAL_NULL_CONVERSION = YES;
				CLANG_WARN_OBJC_IMPLICIT_RETAIN_SELF = YES;
				CLANG_WARN_OBJC_LITERAL_CONVERSION = YES;
				CLANG_WARN_OBJC_ROOT_CLASS = YES_ERROR;
				CLANG_WARN_RANGE_LOOP_ANALYSIS = YES;
				CLANG_WARN_STRICT_PROTOTYPES = YES;
				CLANG_WARN_SUSPICIOUS_MOVE = YES;
				CLANG_WARN_UNGUARDED_AVAILABILITY = YES_AGGRESSIVE;
				CLANG_WARN_UNREACHABLE_CODE = YES;
				CLANG_WARN__DUPLICATE_METHOD_MATCH = YES;
				CODE_SIGN_IDENTITY = "iPhone Developer";
				COPY_PHASE_STRIP = NO;
				CURRENT_PROJECT_VERSION = 1;
				DEBUG_INFORMATION_FORMAT = dwarf;
				ENABLE_STRICT_OBJC_MSGSEND = YES;
				ENABLE_TESTABILITY = YES;
				GCC_C_LANGUAGE_STANDARD = gnu11;
				GCC_DYNAMIC_NO_PIC = NO;
				GCC_NO_COMMON_BLOCKS = YES;
				GCC_OPTIMIZATION_LEVEL = 0;
				GCC_PREPROCESSOR_DEFINITIONS = (
					"DEBUG=1",
					"$(inherited)",
				);
				GCC_WARN_64_TO_32_BIT_CONVERSION = YES;
				GCC_WARN_ABOUT_RETURN_TYPE = YES_ERROR;
				GCC_WARN_UNDECLARED_SELECTOR = YES;
				GCC_WARN_UNINITIALIZED_AUTOS = YES_AGGRESSIVE;
				GCC_WARN_UNUSED_FUNCTION = YES;
				GCC_WARN_UNUSED_VARIABLE = YES;
				IPHONEOS_DEPLOYMENT_TARGET = 8.0;
				MACOSX_DEPLOYMENT_TARGET = 10.10;
				MTL_ENABLE_DEBUG_INFO = YES;
				ONLY_ACTIVE_ARCH = YES;
				SDKROOT = iphoneos;
				SWIFT_ACTIVE_COMPILATION_CONDITIONS = DEBUG;
				SWIFT_OPTIMIZATION_LEVEL = "-Onone";
				VERSIONING_SYSTEM = "apple-generic";
				VERSION_INFO_PREFIX = "";
				WATCHOS_DEPLOYMENT_TARGET = 4.3;
			};
			name = Debug;
		};
		1CD1E3DD217F441900C2B083 /* Release */ = {
			isa = XCBuildConfiguration;
			buildSettings = {
				ALWAYS_SEARCH_USER_PATHS = NO;
				CLANG_ANALYZER_NONNULL = YES;
				CLANG_ANALYZER_NUMBER_OBJECT_CONVERSION = YES_AGGRESSIVE;
				CLANG_CXX_LANGUAGE_STANDARD = "gnu++14";
				CLANG_CXX_LIBRARY = "libc++";
				CLANG_ENABLE_MODULES = YES;
				CLANG_ENABLE_OBJC_ARC = YES;
				CLANG_ENABLE_OBJC_WEAK = YES;
				CLANG_WARN_BLOCK_CAPTURE_AUTORELEASING = YES;
				CLANG_WARN_BOOL_CONVERSION = YES;
				CLANG_WARN_COMMA = YES;
				CLANG_WARN_CONSTANT_CONVERSION = YES;
				CLANG_WARN_DEPRECATED_OBJC_IMPLEMENTATIONS = YES;
				CLANG_WARN_DIRECT_OBJC_ISA_USAGE = YES_ERROR;
				CLANG_WARN_DOCUMENTATION_COMMENTS = YES;
				CLANG_WARN_EMPTY_BODY = YES;
				CLANG_WARN_ENUM_CONVERSION = YES;
				CLANG_WARN_INFINITE_RECURSION = YES;
				CLANG_WARN_INT_CONVERSION = YES;
				CLANG_WARN_NON_LITERAL_NULL_CONVERSION = YES;
				CLANG_WARN_OBJC_IMPLICIT_RETAIN_SELF = YES;
				CLANG_WARN_OBJC_LITERAL_CONVERSION = YES;
				CLANG_WARN_OBJC_ROOT_CLASS = YES_ERROR;
				CLANG_WARN_RANGE_LOOP_ANALYSIS = YES;
				CLANG_WARN_STRICT_PROTOTYPES = YES;
				CLANG_WARN_SUSPICIOUS_MOVE = YES;
				CLANG_WARN_UNGUARDED_AVAILABILITY = YES_AGGRESSIVE;
				CLANG_WARN_UNREACHABLE_CODE = YES;
				CLANG_WARN__DUPLICATE_METHOD_MATCH = YES;
				CODE_SIGN_IDENTITY = "iPhone Developer";
				COPY_PHASE_STRIP = NO;
				CURRENT_PROJECT_VERSION = 1;
				DEBUG_INFORMATION_FORMAT = "dwarf-with-dsym";
				ENABLE_NS_ASSERTIONS = NO;
				ENABLE_STRICT_OBJC_MSGSEND = YES;
				GCC_C_LANGUAGE_STANDARD = gnu11;
				GCC_NO_COMMON_BLOCKS = YES;
				GCC_WARN_64_TO_32_BIT_CONVERSION = YES;
				GCC_WARN_ABOUT_RETURN_TYPE = YES_ERROR;
				GCC_WARN_UNDECLARED_SELECTOR = YES;
				GCC_WARN_UNINITIALIZED_AUTOS = YES_AGGRESSIVE;
				GCC_WARN_UNUSED_FUNCTION = YES;
				GCC_WARN_UNUSED_VARIABLE = YES;
				IPHONEOS_DEPLOYMENT_TARGET = 8.0;
				MACOSX_DEPLOYMENT_TARGET = 10.10;
				MTL_ENABLE_DEBUG_INFO = NO;
				SDKROOT = iphoneos;
				SWIFT_COMPILATION_MODE = wholemodule;
				SWIFT_OPTIMIZATION_LEVEL = "-O";
				VALIDATE_PRODUCT = YES;
				VERSIONING_SYSTEM = "apple-generic";
				VERSION_INFO_PREFIX = "";
				WATCHOS_DEPLOYMENT_TARGET = 4.3;
			};
			name = Release;
		};
		1CD1E3DF217F441900C2B083 /* Debug */ = {
			isa = XCBuildConfiguration;
			baseConfigurationReference = 49D0A53B87D85EE8CCCCAAE5 /* Pods-PPSDK-Swift.debug.xcconfig */;
			buildSettings = {
				CODE_SIGN_IDENTITY = "";
				CODE_SIGN_STYLE = Automatic;
				DEFINES_MODULE = YES;
				DEVELOPMENT_TEAM = SA5YU43KDL;
				DYLIB_COMPATIBILITY_VERSION = 1;
				DYLIB_CURRENT_VERSION = 1;
				DYLIB_INSTALL_NAME_BASE = "@rpath";
				INFOPLIST_FILE = "PPSDK-Swift/Info.plist";
				INSTALL_PATH = "$(LOCAL_LIBRARY_DIR)/Frameworks";
				IPHONEOS_DEPLOYMENT_TARGET = 10.0;
				LD_RUNPATH_SEARCH_PATHS = (
					"$(inherited)",
					"@executable_path/Frameworks",
					"@loader_path/Frameworks",
				);
				PRODUCT_BUNDLE_IDENTIFIER = "lincoln.fraley93.PPSDK-Swift";
				PRODUCT_NAME = "$(TARGET_NAME:c99extidentifier)";
				SKIP_INSTALL = YES;
				SWIFT_VERSION = 4.2;
				TARGETED_DEVICE_FAMILY = "1,2";
				WATCHOS_DEPLOYMENT_TARGET = 4.3;
			};
			name = Debug;
		};
		1CD1E3E0217F441900C2B083 /* Release */ = {
			isa = XCBuildConfiguration;
			baseConfigurationReference = 9E3C56CF9D74175435F4ACDD /* Pods-PPSDK-Swift.release.xcconfig */;
			buildSettings = {
				CODE_SIGN_IDENTITY = "";
				CODE_SIGN_STYLE = Automatic;
				DEFINES_MODULE = YES;
				DEVELOPMENT_TEAM = SA5YU43KDL;
				DYLIB_COMPATIBILITY_VERSION = 1;
				DYLIB_CURRENT_VERSION = 1;
				DYLIB_INSTALL_NAME_BASE = "@rpath";
				INFOPLIST_FILE = "PPSDK-Swift/Info.plist";
				INSTALL_PATH = "$(LOCAL_LIBRARY_DIR)/Frameworks";
				IPHONEOS_DEPLOYMENT_TARGET = 10.0;
				LD_RUNPATH_SEARCH_PATHS = (
					"$(inherited)",
					"@executable_path/Frameworks",
					"@loader_path/Frameworks",
				);
				PRODUCT_BUNDLE_IDENTIFIER = "lincoln.fraley93.PPSDK-Swift";
				PRODUCT_NAME = "$(TARGET_NAME:c99extidentifier)";
				SKIP_INSTALL = YES;
				SWIFT_VERSION = 4.2;
				TARGETED_DEVICE_FAMILY = "1,2";
				WATCHOS_DEPLOYMENT_TARGET = 4.3;
			};
			name = Release;
		};
		1CD1E3E2217F441900C2B083 /* Debug */ = {
			isa = XCBuildConfiguration;
			baseConfigurationReference = FC4C2F9DA469F512F7FECE9A /* Pods-PPSDK-Swift-PPSDK-SwiftTests.debug.xcconfig */;
			buildSettings = {
				ALWAYS_EMBED_SWIFT_STANDARD_LIBRARIES = YES;
				CODE_SIGN_STYLE = Automatic;
				DEVELOPMENT_TEAM = SA5YU43KDL;
				INFOPLIST_FILE = "PPSDK-SwiftTests/Info.plist";
				IPHONEOS_DEPLOYMENT_TARGET = 11.0;
				LD_RUNPATH_SEARCH_PATHS = (
					"$(inherited)",
					"@executable_path/Frameworks",
					"@loader_path/Frameworks",
				);
				PRODUCT_BUNDLE_IDENTIFIER = "lincoln.fraley93.PPSDK-SwiftTests";
				PRODUCT_NAME = "$(TARGET_NAME)";
				SWIFT_VERSION = 4.2;
				TARGETED_DEVICE_FAMILY = "1,2";
			};
			name = Debug;
		};
		1CD1E3E3217F441900C2B083 /* Release */ = {
			isa = XCBuildConfiguration;
			baseConfigurationReference = 2A271FB6259AEF8AF1CB8798 /* Pods-PPSDK-Swift-PPSDK-SwiftTests.release.xcconfig */;
			buildSettings = {
				ALWAYS_EMBED_SWIFT_STANDARD_LIBRARIES = YES;
				CODE_SIGN_STYLE = Automatic;
				DEVELOPMENT_TEAM = SA5YU43KDL;
				INFOPLIST_FILE = "PPSDK-SwiftTests/Info.plist";
				IPHONEOS_DEPLOYMENT_TARGET = 11.0;
				LD_RUNPATH_SEARCH_PATHS = (
					"$(inherited)",
					"@executable_path/Frameworks",
					"@loader_path/Frameworks",
				);
				PRODUCT_BUNDLE_IDENTIFIER = "lincoln.fraley93.PPSDK-SwiftTests";
				PRODUCT_NAME = "$(TARGET_NAME)";
				SWIFT_VERSION = 4.2;
				TARGETED_DEVICE_FAMILY = "1,2";
			};
			name = Release;
		};
/* End XCBuildConfiguration section */

/* Begin XCConfigurationList section */
		1CD1E3C4217F441900C2B083 /* Build configuration list for PBXProject "PPSDK-Swift" */ = {
			isa = XCConfigurationList;
			buildConfigurations = (
				1CD1E3DC217F441900C2B083 /* Debug */,
				1CD1E3DD217F441900C2B083 /* Release */,
			);
			defaultConfigurationIsVisible = 0;
			defaultConfigurationName = Release;
		};
		1CD1E3DE217F441900C2B083 /* Build configuration list for PBXNativeTarget "PPSDK-Swift" */ = {
			isa = XCConfigurationList;
			buildConfigurations = (
				1CD1E3DF217F441900C2B083 /* Debug */,
				1CD1E3E0217F441900C2B083 /* Release */,
			);
			defaultConfigurationIsVisible = 0;
			defaultConfigurationName = Release;
		};
		1CD1E3E1217F441900C2B083 /* Build configuration list for PBXNativeTarget "PPSDK-SwiftTests" */ = {
			isa = XCConfigurationList;
			buildConfigurations = (
				1CD1E3E2217F441900C2B083 /* Debug */,
				1CD1E3E3217F441900C2B083 /* Release */,
			);
			defaultConfigurationIsVisible = 0;
			defaultConfigurationName = Release;
		};
/* End XCConfigurationList section */
	};
	rootObject = 1CD1E3C1217F441900C2B083 /* Project object */;
}
